
Microsoft Visual Studio Solution File, Format Version 12.00
# Visual Studio Version 16
VisualStudioVersion = 16.0.30621.155
MinimumVisualStudioVersion = 10.0.40219.1
Project("{8BC9CEB8-8B4A-11D0-8D11-00A0C91BC942}") = "C++实验七", "C++实验七.vcxproj", "{240E634A-8C6B-4774-AAF7-A015C0FA434D}"
EndProject
Global
	GlobalSection(SolutionConfigurationPlatforms) = preSolution
		Debug|x64 = Debug|x64
		Debug|x86 = Debug|x86
		Release|x64 = Release|x64
		Release|x86 = Release|x86
	EndGlobalSection
	GlobalSection(ProjectConfigurationPlatforms) = postSolution
		{240E634A-8C6B-4774-AAF7-A015C0FA434D}.Debug|x64.ActiveCfg = Debug|x64
		{240E634A-8C6B-4774-AAF7-A015C0FA434D}.Debug|x64.Build.0 = Debug|x64
		{240E634A-8C6B-4774-AAF7-A015C0FA434D}.Debug|x86.ActiveCfg = Debug|Win32
		{240E634A-8C6B-4774-AAF7-A015C0FA434D}.Debug|x86.Build.0 = Debug|Win32
		{240E634A-8C6B-4774-AAF7-A015C0FA434D}.Release|x64.ActiveCfg = Release|x64
		{240E634A-8C6B-4774-AAF7-A015C0FA434D}.Release|x64.Build.0 = Release|x64
		{240E634A-8C6B-4774-AAF7-A015C0FA434D}.Release|x86.ActiveCfg = Release|Win32
		{240E634A-8C6B-4774-AAF7-A015C0FA434D}.Release|x86.Build.0 = Release|Win32
	EndGlobalSection
	GlobalSection(SolutionProperties) = preSolution
		HideSolutionNode = FALSE
	EndGlobalSection
	GlobalSection(ExtensibilityGlobals) = postSolution
		SolutionGuid = {41867971-41CA-4B6B-AEEE-28BF0BDA34F1}
	EndGlobalSection
EndGlobal
